// !$*UTF8*$!
{
	archiveVersion = 1;
	classes = {
	};
	objectVersion = 46;
	objects = {

/* Begin PBXBuildFile section */
		827542C41C5EBA70008ED94A /* AppDelegate.swift in Sources */ = {isa = PBXBuildFile; fileRef = 827542C31C5EBA70008ED94A /* AppDelegate.swift */; };
		827542C61C5EBA70008ED94A /* ViewController.swift in Sources */ = {isa = PBXBuildFile; fileRef = 827542C51C5EBA70008ED94A /* ViewController.swift */; };
		827542C91C5EBA70008ED94A /* Main.storyboard in Resources */ = {isa = PBXBuildFile; fileRef = 827542C71C5EBA70008ED94A /* Main.storyboard */; };
		827542CB1C5EBA70008ED94A /* Assets.xcassets in Resources */ = {isa = PBXBuildFile; fileRef = 827542CA1C5EBA70008ED94A /* Assets.xcassets */; };
		827542CE1C5EBA70008ED94A /* LaunchScreen.storyboard in Resources */ = {isa = PBXBuildFile; fileRef = 827542CC1C5EBA70008ED94A /* LaunchScreen.storyboard */; };
		827542D91C5EBA70008ED94A /* Tarea__Juego_de_MemoriaTests.swift in Sources */ = {isa = PBXBuildFile; fileRef = 827542D81C5EBA70008ED94A /* Tarea__Juego_de_MemoriaTests.swift */; };
		827542E41C5EBA70008ED94A /* Tarea__Juego_de_MemoriaUITests.swift in Sources */ = {isa = PBXBuildFile; fileRef = 827542E31C5EBA70008ED94A /* Tarea__Juego_de_MemoriaUITests.swift */; };
/* End PBXBuildFile section */

/* Begin PBXContainerItemProxy section */
		827542D51C5EBA70008ED94A /* PBXContainerItemProxy */ = {
			isa = PBXContainerItemProxy;
			containerPortal = 827542B81C5EBA6F008ED94A /* Project object */;
			proxyType = 1;
			remoteGlobalIDString = 827542BF1C5EBA6F008ED94A;
			remoteInfo = "Tarea: Juego de Memoria";
		};
		827542E01C5EBA70008ED94A /* PBXContainerItemProxy */ = {
			isa = PBXContainerItemProxy;
			containerPortal = 827542B81C5EBA6F008ED94A /* Project object */;
			proxyType = 1;
			remoteGlobalIDString = 827542BF1C5EBA6F008ED94A;
			remoteInfo = "Tarea: Juego de Memoria";
		};
/* End PBXContainerItemProxy section */

/* Begin PBXFileReference section */
		827542C01C5EBA70008ED94A /* Tarea: Juego de Memoria.app */ = {isa = PBXFileReference; explicitFileType = wrapper.application; includeInIndex = 0; path = "Tarea: Juego de Memoria.app"; sourceTree = BUILT_PRODUCTS_DIR; };
		827542C31C5EBA70008ED94A /* AppDelegate.swift */ = {isa = PBXFileReference; lastKnownFileType = sourcecode.swift; path = AppDelegate.swift; sourceTree = "<group>"; };
		827542C51C5EBA70008ED94A /* ViewController.swift */ = {isa = PBXFileReference; lastKnownFileType = sourcecode.swift; path = ViewController.swift; sourceTree = "<group>"; };
		827542C81C5EBA70008ED94A /* Base */ = {isa = PBXFileReference; lastKnownFileType = file.storyboard; name = Base; path = Base.lproj/Main.storyboard; sourceTree = "<group>"; };
		827542CA1C5EBA70008ED94A /* Assets.xcassets */ = {isa = PBXFileReference; lastKnownFileType = folder.assetcatalog; path = Assets.xcassets; sourceTree = "<group>"; };
		827542CD1C5EBA70008ED94A /* Base */ = {isa = PBXFileReference; lastKnownFileType = file.storyboard; name = Base; path = Base.lproj/LaunchScreen.storyboard; sourceTree = "<group>"; };
		827542CF1C5EBA70008ED94A /* Info.plist */ = {isa = PBXFileReference; lastKnownFileType = text.plist.xml; path = Info.plist; sourceTree = "<group>"; };
		827542D41C5EBA70008ED94A /* Tarea: Juego de MemoriaTests.xctest */ = {isa = PBXFileReference; explicitFileType = wrapper.cfbundle; includeInIndex = 0; path = "Tarea: Juego de MemoriaTests.xctest"; sourceTree = BUILT_PRODUCTS_DIR; };
		827542D81C5EBA70008ED94A /* Tarea__Juego_de_MemoriaTests.swift */ = {isa = PBXFileReference; lastKnownFileType = sourcecode.swift; path = Tarea__Juego_de_MemoriaTests.swift; sourceTree = "<group>"; };
		827542DA1C5EBA70008ED94A /* Info.plist */ = {isa = PBXFileReference; lastKnownFileType = text.plist.xml; path = Info.plist; sourceTree = "<group>"; };
		827542DF1C5EBA70008ED94A /* Tarea: Juego de MemoriaUITests.xctest */ = {isa = PBXFileReference; explicitFileType = wrapper.cfbundle; includeInIndex = 0; path = "Tarea: Juego de MemoriaUITests.xctest"; sourceTree = BUILT_PRODUCTS_DIR; };
		827542E31C5EBA70008ED94A /* Tarea__Juego_de_MemoriaUITests.swift */ = {isa = PBXFileReference; lastKnownFileType = sourcecode.swift; path = Tarea__Juego_de_MemoriaUITests.swift; sourceTree = "<group>"; };
		827542E51C5EBA70008ED94A /* Info.plist */ = {isa = PBXFileReference; lastKnownFileType = text.plist.xml; path = Info.plist; sourceTree = "<group>"; };
/* End PBXFileReference section */

/* Begin PBXFrameworksBuildPhase section */
		827542BD1C5EBA6F008ED94A /* Frameworks */ = {
			isa = PBXFrameworksBuildPhase;
			buildActionMask = 2147483647;
			files = (
			);
			runOnlyForDeploymentPostprocessing = 0;
		};
		827542D11C5EBA70008ED94A /* Frameworks */ = {
			isa = PBXFrameworksBuildPhase;
			buildActionMask = 2147483647;
			files = (
			);
			runOnlyForDeploymentPostprocessing = 0;
		};
		827542DC1C5EBA70008ED94A /* Frameworks */ = {
			isa = PBXFrameworksBuildPhase;
			buildActionMask = 2147483647;
			files = (
			);
			runOnlyForDeploymentPostprocessing = 0;
		};
/* End PBXFrameworksBuildPhase section */

/* Begin PBXGroup section */
		827542B71C5EBA6F008ED94A = {
			isa = PBXGroup;
			children = (
				827542C21C5EBA70008ED94A /* Tarea: Juego de Memoria */,
				827542D71C5EBA70008ED94A /* Tarea: Juego de MemoriaTests */,
				827542E21C5EBA70008ED94A /* Tarea: Juego de MemoriaUITests */,
				827542C11C5EBA70008ED94A /* Products */,
			);
			sourceTree = "<group>";
		};
		827542C11C5EBA70008ED94A /* Products */ = {
			isa = PBXGroup;
			children = (
				827542C01C5EBA70008ED94A /* Tarea: Juego de Memoria.app */,
				827542D41C5EBA70008ED94A /* Tarea: Juego de MemoriaTests.xctest */,
				827542DF1C5EBA70008ED94A /* Tarea: Juego de MemoriaUITests.xctest */,
			);
			name = Products;
			sourceTree = "<group>";
		};
		827542C21C5EBA70008ED94A /* Tarea: Juego de Memoria */ = {
			isa = PBXGroup;
			children = (
				827542C31C5EBA70008ED94A /* AppDelegate.swift */,
				827542C51C5EBA70008ED94A /* ViewController.swift */,
				827542C71C5EBA70008ED94A /* Main.storyboard */,
				827542CA1C5EBA70008ED94A /* Assets.xcassets */,
				827542CC1C5EBA70008ED94A /* LaunchScreen.storyboard */,
				827542CF1C5EBA70008ED94A /* Info.plist */,
			);
			path = "Tarea: Juego de Memoria";
			sourceTree = "<group>";
		};
		827542D71C5EBA70008ED94A /* Tarea: Juego de MemoriaTests */ = {
			isa = PBXGroup;
			children = (
				827542D81C5EBA70008ED94A /* Tarea__Juego_de_MemoriaTests.swift */,
				827542DA1C5EBA70008ED94A /* Info.plist */,
			);
			path = "Tarea: Juego de MemoriaTests";
			sourceTree = "<group>";
		};
		827542E21C5EBA70008ED94A /* Tarea: Juego de MemoriaUITests */ = {
			isa = PBXGroup;
			children = (
				827542E31C5EBA70008ED94A /* Tarea__Juego_de_MemoriaUITests.swift */,
				827542E51C5EBA70008ED94A /* Info.plist */,
			);
			path = "Tarea: Juego de MemoriaUITests";
			sourceTree = "<group>";
		};
/* End PBXGroup section */

/* Begin PBXNativeTarget section */
		827542BF1C5EBA6F008ED94A /* Tarea: Juego de Memoria */ = {
			isa = PBXNativeTarget;
			buildConfigurationList = 827542E81C5EBA70008ED94A /* Build configuration list for PBXNativeTarget "Tarea: Juego de Memoria" */;
			buildPhases = (
				827542BC1C5EBA6F008ED94A /* Sources */,
				827542BD1C5EBA6F008ED94A /* Frameworks */,
				827542BE1C5EBA6F008ED94A /* Resources */,
			);
			buildRules = (
			);
			dependencies = (
			);
			name = "Tarea: Juego de Memoria";
			productName = "Tarea: Juego de Memoria";
			productReference = 827542C01C5EBA70008ED94A /* Tarea: Juego de Memoria.app */;
			productType = "com.apple.product-type.application";
		};
		827542D31C5EBA70008ED94A /* Tarea: Juego de MemoriaTests */ = {
			isa = PBXNativeTarget;
			buildConfigurationList = 827542EB1C5EBA70008ED94A /* Build configuration list for PBXNativeTarget "Tarea: Juego de MemoriaTests" */;
			buildPhases = (
				827542D01C5EBA70008ED94A /* Sources */,
				827542D11C5EBA70008ED94A /* Frameworks */,
				827542D21C5EBA70008ED94A /* Resources */,
			);
			buildRules = (
			);
			dependencies = (
				827542D61C5EBA70008ED94A /* PBXTargetDependency */,
			);
			name = "Tarea: Juego de MemoriaTests";
			productName = "Tarea: Juego de MemoriaTests";
			productReference = 827542D41C5EBA70008ED94A /* Tarea: Juego de MemoriaTests.xctest */;
			productType = "com.apple.product-type.bundle.unit-test";
		};
		827542DE1C5EBA70008ED94A /* Tarea: Juego de MemoriaUITests */ = {
			isa = PBXNativeTarget;
			buildConfigurationList = 827542EE1C5EBA70008ED94A /* Build configuration list for PBXNativeTarget "Tarea: Juego de MemoriaUITests" */;
			buildPhases = (
				827542DB1C5EBA70008ED94A /* Sources */,
				827542DC1C5EBA70008ED94A /* Frameworks */,
				827542DD1C5EBA70008ED94A /* Resources */,
			);
			buildRules = (
			);
			dependencies = (
				827542E11C5EBA70008ED94A /* PBXTargetDependency */,
			);
			name = "Tarea: Juego de MemoriaUITests";
			productName = "Tarea: Juego de MemoriaUITests";
			productReference = 827542DF1C5EBA70008ED94A /* Tarea: Juego de MemoriaUITests.xctest */;
			productType = "com.apple.product-type.bundle.ui-testing";
		};
/* End PBXNativeTarget section */

/* Begin PBXProject section */
		827542B81C5EBA6F008ED94A /* Project object */ = {
			isa = PBXProject;
			attributes = {
				LastSwiftUpdateCheck = 0710;
				LastUpgradeCheck = 0710;
				ORGANIZATIONNAME = "José";
				TargetAttributes = {
					827542BF1C5EBA6F008ED94A = {
						CreatedOnToolsVersion = 7.1;
						DevelopmentTeam = 8GVY5HL9K4;
					};
					827542D31C5EBA70008ED94A = {
						CreatedOnToolsVersion = 7.1;
						TestTargetID = 827542BF1C5EBA6F008ED94A;
					};
					827542DE1C5EBA70008ED94A = {
						CreatedOnToolsVersion = 7.1;
						TestTargetID = 827542BF1C5EBA6F008ED94A;
					};
				};
			};
			buildConfigurationList = 827542BB1C5EBA6F008ED94A /* Build configuration list for PBXProject "Tarea: Juego de Memoria" */;
			compatibilityVersion = "Xcode 3.2";
			developmentRegion = English;
			hasScannedForEncodings = 0;
			knownRegions = (
				en,
				Base,
			);
			mainGroup = 827542B71C5EBA6F008ED94A;
			productRefGroup = 827542C11C5EBA70008ED94A /* Products */;
			projectDirPath = "";
			projectRoot = "";
			targets = (
				827542BF1C5EBA6F008ED94A /* Tarea: Juego de Memoria */,
				827542D31C5EBA70008ED94A /* Tarea: Juego de MemoriaTests */,
				827542DE1C5EBA70008ED94A /* Tarea: Juego de MemoriaUITests */,
			);
		};
/* End PBXProject section */

/* Begin PBXResourcesBuildPhase section */
		827542BE1C5EBA6F008ED94A /* Resources */ = {
			isa = PBXResourcesBuildPhase;
			buildActionMask = 2147483647;
			files = (
				827542CE1C5EBA70008ED94A /* LaunchScreen.storyboard in Resources */,
				827542CB1C5EBA70008ED94A /* Assets.xcassets in Resources */,
				827542C91C5EBA70008ED94A /* Main.storyboard in Resources */,
			);
			runOnlyForDeploymentPostprocessing = 0;
		};
		827542D21C5EBA70008ED94A /* Resources */ = {
			isa = PBXResourcesBuildPhase;
			buildActionMask = 2147483647;
			files = (
			);
			runOnlyForDeploymentPostprocessing = 0;
		};
		827542DD1C5EBA70008ED94A /* Resources */ = {
			isa = PBXResourcesBuildPhase;
			buildActionMask = 2147483647;
			files = (
			);
			runOnlyForDeploymentPostprocessing = 0;
		};
/* End PBXResourcesBuildPhase section */

/* Begin PBXSourcesBuildPhase section */
		827542BC1C5EBA6F008ED94A /* Sources */ = {
			isa = PBXSourcesBuildPhase;
			buildActionMask = 2147483647;
			files = (
				827542C61C5EBA70008ED94A /* ViewController.swift in Sources */,
				827542C41C5EBA70008ED94A /* AppDelegate.swift in Sources */,
			);
			runOnlyForDeploymentPostprocessing = 0;
		};
		827542D01C5EBA70008ED94A /* Sources */ = {
			isa = PBXSourcesBuildPhase;
			buildActionMask = 2147483647;
			files = (
				827542D91C5EBA70008ED94A /* Tarea__Juego_de_MemoriaTests.swift in Sources */,
			);
			runOnlyForDeploymentPostprocessing = 0;
		};
		827542DB1C5EBA70008ED94A /* Sources */ = {
			isa = PBXSourcesBuildPhase;
			buildActionMask = 2147483647;
			files = (
				827542E41C5EBA70008ED94A /* Tarea__Juego_de_MemoriaUITests.swift in Sources */,
			);
			runOnlyForDeploymentPostprocessing = 0;
		};
/* End PBXSourcesBuildPhase section */

/* Begin PBXTargetDependency section */
		827542D61C5EBA70008ED94A /* PBXTargetDependency */ = {
			isa = PBXTargetDependency;
			target = 827542BF1C5EBA6F008ED94A /* Tarea: Juego de Memoria */;
			targetProxy = 827542D51C5EBA70008ED94A /* PBXContainerItemProxy */;
		};
		827542E11C5EBA70008ED94A /* PBXTargetDependency */ = {
			isa = PBXTargetDependency;
			target = 827542BF1C5EBA6F008ED94A /* Tarea: Juego de Memoria */;
			targetProxy = 827542E01C5EBA70008ED94A /* PBXContainerItemProxy */;
		};
/* End PBXTargetDependency section */

/* Begin PBXVariantGroup section */
		827542C71C5EBA70008ED94A /* Main.storyboard */ = {
			isa = PBXVariantGroup;
			children = (
				827542C81C5EBA70008ED94A /* Base */,
			);
			name = Main.storyboard;
			sourceTree = "<group>";
		};
		827542CC1C5EBA70008ED94A /* LaunchScreen.storyboard */ = {
			isa = PBXVariantGroup;
			children = (
				827542CD1C5EBA70008ED94A /* Base */,
			);
			name = LaunchScreen.storyboard;
			sourceTree = "<group>";
		};
/* End PBXVariantGroup section */

/* Begin XCBuildConfiguration section */
		827542E61C5EBA70008ED94A /* Debug */ = {
			isa = XCBuildConfiguration;
			buildSettings = {
				ALWAYS_SEARCH_USER_PATHS = NO;
				CLANG_CXX_LANGUAGE_STANDARD = "gnu++0x";
				CLANG_CXX_LIBRARY = "libc++";
				CLANG_ENABLE_MODULES = YES;
				CLANG_ENABLE_OBJC_ARC = YES;
				CLANG_WARN_BOOL_CONVERSION = YES;
				CLANG_WARN_CONSTANT_CONVERSION = YES;
				CLANG_WARN_DIRECT_OBJC_ISA_USAGE = YES_ERROR;
				CLANG_WARN_EMPTY_BODY = YES;
				CLANG_WARN_ENUM_CONVERSION = YES;
				CLANG_WARN_INT_CONVERSION = YES;
				CLANG_WARN_OBJC_ROOT_CLASS = YES_ERROR;
				CLANG_WARN_UNREACHABLE_CODE = YES;
				CLANG_WARN__DUPLICATE_METHOD_MATCH = YES;
				"CODE_SIGN_IDENTITY[sdk=iphoneos*]" = "iPhone Developer";
				COPY_PHASE_STRIP = NO;
				DEBUG_INFORMATION_FORMAT = dwarf;
				ENABLE_STRICT_OBJC_MSGSEND = YES;
				ENABLE_TESTABILITY = YES;
				GCC_C_LANGUAGE_STANDARD = gnu99;
				GCC_DYNAMIC_NO_PIC = NO;
				GCC_NO_COMMON_BLOCKS = YES;
				GCC_OPTIMIZATION_LEVEL = 0;
				GCC_PREPROCESSOR_DEFINITIONS = (
					"DEBUG=1",
					"$(inherited)",
				);
				GCC_WARN_64_TO_32_BIT_CONVERSION = YES;
				GCC_WARN_ABOUT_RETURN_TYPE = YES_ERROR;
				GCC_WARN_UNDECLARED_SELECTOR = YES;
				GCC_WARN_UNINITIALIZED_AUTOS = YES_AGGRESSIVE;
				GCC_WARN_UNUSED_FUNCTION = YES;
				GCC_WARN_UNUSED_VARIABLE = YES;
				IPHONEOS_DEPLOYMENT_TARGET = 9.1;
				MTL_ENABLE_DEBUG_INFO = YES;
				ONLY_ACTIVE_ARCH = YES;
				SDKROOT = iphoneos;
				SWIFT_OPTIMIZATION_LEVEL = "-Onone";
				TARGETED_DEVICE_FAMILY = "1,2";
			};
			name = Debug;
		};
		827542E71C5EBA70008ED94A /* Release */ = {
			isa = XCBuildConfiguration;
			buildSettings = {
				ALWAYS_SEARCH_USER_PATHS = NO;
				CLANG_CXX_LANGUAGE_STANDARD = "gnu++0x";
				CLANG_CXX_LIBRARY = "libc++";
				CLANG_ENABLE_MODULES = YES;
				CLANG_ENABLE_OBJC_ARC = YES;
				CLANG_WARN_BOOL_CONVERSION = YES;
				CLANG_WARN_CONSTANT_CONVERSION = YES;
				CLANG_WARN_DIRECT_OBJC_ISA_USAGE = YES_ERROR;
				CLANG_WARN_EMPTY_BODY = YES;
				CLANG_WARN_ENUM_CONVERSION = YES;
				CLANG_WARN_INT_CONVERSION = YES;
				CLANG_WARN_OBJC_ROOT_CLASS = YES_ERROR;
				CLANG_WARN_UNREACHABLE_CODE = YES;
				CLANG_WARN__DUPLICATE_METHOD_MATCH = YES;
				"CODE_SIGN_IDENTITY[sdk=iphoneos*]" = "iPhone Developer";
				COPY_PHASE_STRIP = NO;
				DEBUG_INFORMATION_FORMAT = "dwarf-with-dsym";
				ENABLE_NS_ASSERTIONS = NO;
				ENABLE_STRICT_OBJC_MSGSEND = YES;
				GCC_C_LANGUAGE_STANDARD = gnu99;
				GCC_NO_COMMON_BLOCKS = YES;
				GCC_WARN_64_TO_32_BIT_CONVERSION = YES;
				GCC_WARN_ABOUT_RETURN_TYPE = YES_ERROR;
				GCC_WARN_UNDECLARED_SELECTOR = YES;
				GCC_WARN_UNINITIALIZED_AUTOS = YES_AGGRESSIVE;
				GCC_WARN_UNUSED_FUNCTION = YES;
				GCC_WARN_UNUSED_VARIABLE = YES;
				IPHONEOS_DEPLOYMENT_TARGET = 9.1;
				MTL_ENABLE_DEBUG_INFO = NO;
				SDKROOT = iphoneos;
				TARGETED_DEVICE_FAMILY = "1,2";
				VALIDATE_PRODUCT = YES;
			};
			name = Release;
		};
		827542E91C5EBA70008ED94A /* Debug */ = {
			isa = XCBuildConfiguration;
			buildSettings = {
				ASSETCATALOG_COMPILER_APPICON_NAME = AppIcon;
				CODE_SIGN_IDENTITY = "iPhone Developer";
				"CODE_SIGN_IDENTITY[sdk=iphoneos*]" = "iPhone Developer";
				INFOPLIST_FILE = "Tarea: Juego de Memoria/Info.plist";
				LD_RUNPATH_SEARCH_PATHS = "$(inherited) @executable_path/Frameworks";
				PRODUCT_BUNDLE_IDENTIFIER = "pruebaEnC.Tarea--Juego-de-Memoria";
				PRODUCT_NAME = "$(TARGET_NAME)";
				PROVISIONING_PROFILE = "";
			};
			name = Debug;
		};
		827542EA1C5EBA70008ED94A /* Release */ = {
			isa = XCBuildConfiguration;
			buildSettings = {
				ASSETCATALOG_COMPILER_APPICON_NAME = AppIcon;
				CODE_SIGN_IDENTITY = "iPhone Developer";
				"CODE_SIGN_IDENTITY[sdk=iphoneos*]" = "iPhone Developer";
				INFOPLIST_FILE = "Tarea: Juego de Memoria/Info.plist";
				LD_RUNPATH_SEARCH_PATHS = "$(inherited) @executable_path/Frameworks";
				PRODUCT_BUNDLE_IDENTIFIER = "pruebaEnC.Tarea--Juego-de-Memoria";
				PRODUCT_NAME = "$(TARGET_NAME)";
				PROVISIONING_PROFILE = "";
			};
			name = Release;
		};
		827542EC1C5EBA70008ED94A /* Debug */ = {
			isa = XCBuildConfiguration;
			buildSettings = {
				BUNDLE_LOADER = "$(TEST_HOST)";
				INFOPLIST_FILE = "Tarea: Juego de MemoriaTests/Info.plist";
				LD_RUNPATH_SEARCH_PATHS = "$(inherited) @executable_path/Frameworks @loader_path/Frameworks";
				PRODUCT_BUNDLE_IDENTIFIER = "pruebaEnC.Tarea--Juego-de-MemoriaTests";
				PRODUCT_NAME = "$(TARGET_NAME)";
				TEST_HOST = "$(BUILT_PRODUCTS_DIR)/Tarea: Juego de Memoria.app/Tarea: Juego de Memoria";
			};
			name = Debug;
		};
		827542ED1C5EBA70008ED94A /* Release */ = {
			isa = XCBuildConfiguration;
			buildSettings = {
				BUNDLE_LOADER = "$(TEST_HOST)";
				INFOPLIST_FILE = "Tarea: Juego de MemoriaTests/Info.plist";
				LD_RUNPATH_SEARCH_PATHS = "$(inherited) @executable_path/Frameworks @loader_path/Frameworks";
				PRODUCT_BUNDLE_IDENTIFIER = "pruebaEnC.Tarea--Juego-de-MemoriaTests";
				PRODUCT_NAME = "$(TARGET_NAME)";
				TEST_HOST = "$(BUILT_PRODUCTS_DIR)/Tarea: Juego de Memoria.app/Tarea: Juego de Memoria";
			};
			name = Release;
		};
		827542EF1C5EBA70008ED94A /* Debug */ = {
			isa = XCBuildConfiguration;
			buildSettings = {
				INFOPLIST_FILE = "Tarea: Juego de MemoriaUITests/Info.plist";
				LD_RUNPATH_SEARCH_PATHS = "$(inherited) @executable_path/Frameworks @loader_path/Frameworks";
				PRODUCT_BUNDLE_IDENTIFIER = "pruebaEnC.Tarea--Juego-de-MemoriaUITests";
				PRODUCT_NAME = "$(TARGET_NAME)";
				TEST_TARGET_NAME = "Tarea: Juego de Memoria";
				USES_XCTRUNNER = YES;
			};
			name = Debug;
		};
		827542F01C5EBA70008ED94A /* Release */ = {
			isa = XCBuildConfiguration;
			buildSettings = {
				INFOPLIST_FILE = "Tarea: Juego de MemoriaUITests/Info.plist";
				LD_RUNPATH_SEARCH_PATHS = "$(inherited) @executable_path/Frameworks @loader_path/Frameworks";
				PRODUCT_BUNDLE_IDENTIFIER = "pruebaEnC.Tarea--Juego-de-MemoriaUITests";
				PRODUCT_NAME = "$(TARGET_NAME)";
				TEST_TARGET_NAME = "Tarea: Juego de Memoria";
				USES_XCTRUNNER = YES;
			};
			name = Release;
		};
/* End XCBuildConfiguration section */

/* Begin XCConfigurationList section */
		827542BB1C5EBA6F008ED94A /* Build configuration list for PBXProject "Tarea: Juego de Memoria" */ = {
			isa = XCConfigurationList;
			buildConfigurations = (
				827542E61C5EBA70008ED94A /* Debug */,
				827542E71C5EBA70008ED94A /* Release */,
			);
			defaultConfigurationIsVisible = 0;
			defaultConfigurationName = Release;
		};
		827542E81C5EBA70008ED94A /* Build configuration list for PBXNativeTarget "Tarea: Juego de Memoria" */ = {
			isa = XCConfigurationList;
			buildConfigurations = (
				827542E91C5EBA70008ED94A /* Debug */,
				827542EA1C5EBA70008ED94A /* Release */,
			);
			defaultConfigurationIsVisible = 0;
		};
		827542EB1C5EBA70008ED94A /* Build configuration list for PBXNativeTarget "Tarea: Juego de MemoriaTests" */ = {
			isa = XCConfigurationList;
			buildConfigurations = (
				827542EC1C5EBA70008ED94A /* Debug */,
				827542ED1C5EBA70008ED94A /* Release */,
			);
			defaultConfigurationIsVisible = 0;
		};
		827542EE1C5EBA70008ED94A /* Build configuration list for PBXNativeTarget "Tarea: Juego de MemoriaUITests" */ = {
			isa = XCConfigurationList;
			buildConfigurations = (
				827542EF1C5EBA70008ED94A /* Debug */,
				827542F01C5EBA70008ED94A /* Release */,
			);
			defaultConfigurationIsVisible = 0;
		};
/* End XCConfigurationList section */
	};
	rootObject = 827542B81C5EBA6F008ED94A /* Project object */;
}
